{
    "_meta": {
        "hash": {
            "sha256": "4240c639e2b5f526280d9ac80fa5f0733028f152379c5f3065b4a721cb2c9e79"
        },
        "pipfile-spec": 6,
        "requires": {
            "python_version": "3.6"
        },
        "sources": [
            {
                "name": "pypi",
                "url": "https://pypi.org/simple",
                "verify_ssl": true
            }
        ]
    },
    "default": {
        "django": {
            "hashes": [
                "sha256:7f246078d5a546f63c28fc03ce71f4d7a23677ce42109219c24c9ffb28416137",
                "sha256:ea50d85709708621d956187c6b61d9f9ce155007b496dd914fdb35db8d790aec"
            ],
            "index": "pypi",
            "version": "==2.1"
        },
        "django-bootstrap3": {
            "hashes": [
                "sha256:760f8664a15f9e1e6e0495265cebd3d4c65b1026e93e476e8322f10e1375f0b8",
                "sha256:d161d23824fc2f43c18449285961b994fc3fe620d782b13240e382a7b233344a"
            ],
            "index": "pypi",
            "version": "==12.0.3"
        },
        "pytz": {
            "hashes": [
                "sha256:1c557d7d0e871de1f5ccd5833f60fb2550652da6be2693c1e02300743d21500d",
                "sha256:b02c06db6cf09c12dd25137e563b31700d3b80fcc4ad23abb7a315f2789819be"
            ],
            "version": "==2019.3"
        }
    },
    "develop": {}
}
